// !$*UTF8*$!
{
	archiveVersion = 1;
	classes = {
	};
	objectVersion = 56;
	objects = {

/* Begin PBXBuildFile section */
		67005B322A2BB1FB00188616 /* NetworkManager.swift in Sources */ = {isa = PBXBuildFile; fileRef = 67005B312A2BB1FB00188616 /* NetworkManager.swift */; };
		674BFAE32A26F79C00A24621 /* MovieApp.swift in Sources */ = {isa = PBXBuildFile; fileRef = 674BFAE22A26F79C00A24621 /* MovieApp.swift */; };
		674BFAE52A26F79C00A24621 /* ContentView.swift in Sources */ = {isa = PBXBuildFile; fileRef = 674BFAE42A26F79C00A24621 /* ContentView.swift */; };
		674BFAE72A26F79E00A24621 /* Assets.xcassets in Resources */ = {isa = PBXBuildFile; fileRef = 674BFAE62A26F79E00A24621 /* Assets.xcassets */; };
		674BFAEB2A26F79E00A24621 /* Preview Assets.xcassets in Resources */ = {isa = PBXBuildFile; fileRef = 674BFAEA2A26F79E00A24621 /* Preview Assets.xcassets */; };
		674BFAFD2A273EB800A24621 /* ImageLoader.swift in Sources */ = {isa = PBXBuildFile; fileRef = 674BFAFC2A273EB800A24621 /* ImageLoader.swift */; };
		674BFAFF2A273EDF00A24621 /* MovieCard.swift in Sources */ = {isa = PBXBuildFile; fileRef = 674BFAFE2A273EDF00A24621 /* MovieCard.swift */; };
		674BFB012A274FCC00A24621 /* MovieListView.swift in Sources */ = {isa = PBXBuildFile; fileRef = 674BFB002A274FCC00A24621 /* MovieListView.swift */; };
		674BFB032A2753A600A24621 /* SearchBar.swift in Sources */ = {isa = PBXBuildFile; fileRef = 674BFB022A2753A600A24621 /* SearchBar.swift */; };
		674BFB092A28ABC800A24621 /* MovieListViewModel.swift in Sources */ = {isa = PBXBuildFile; fileRef = 674BFB082A28ABC800A24621 /* MovieListViewModel.swift */; };
		674F90942A2B2BC40057864E /* RatingCard.swift in Sources */ = {isa = PBXBuildFile; fileRef = 674F90932A2B2BC40057864E /* RatingCard.swift */; };
		674F90962A2B35B50057864E /* LandingView.swift in Sources */ = {isa = PBXBuildFile; fileRef = 674F90952A2B35B50057864E /* LandingView.swift */; };
		674F90982A2B35BE0057864E /* SignInView.swift in Sources */ = {isa = PBXBuildFile; fileRef = 674F90972A2B35BE0057864E /* SignInView.swift */; };
		674F909B2A2B36300057864E /* CustomButton.swift in Sources */ = {isa = PBXBuildFile; fileRef = 674F909A2A2B36300057864E /* CustomButton.swift */; };
		674F909D2A2B3ED70057864E /* AuthModel.swift in Sources */ = {isa = PBXBuildFile; fileRef = 674F909C2A2B3ED70057864E /* AuthModel.swift */; };
		674F90A22A2B506A0057864E /* Movie.xcdatamodeld in Sources */ = {isa = PBXBuildFile; fileRef = 674F90A02A2B506A0057864E /* Movie.xcdatamodeld */; };
		674F90A52A2B508C0057864E /* CoreDataManager.swift in Sources */ = {isa = PBXBuildFile; fileRef = 674F90A42A2B508C0057864E /* CoreDataManager.swift */; };
		67BFD5D42A2A36A300F591D7 /* MovieServiceProtocol.swift in Sources */ = {isa = PBXBuildFile; fileRef = 67BFD5D32A2A36A300F591D7 /* MovieServiceProtocol.swift */; };
		67BFD5D62A2A36BA00F591D7 /* MovieService.swift in Sources */ = {isa = PBXBuildFile; fileRef = 67BFD5D52A2A36BA00F591D7 /* MovieService.swift */; };
		67BFD5D82A2A36E000F591D7 /* MovieResponse.swift in Sources */ = {isa = PBXBuildFile; fileRef = 67BFD5D72A2A36E000F591D7 /* MovieResponse.swift */; };
		67BFD5DA2A2A36F600F591D7 /* MovieDetailsResponse.swift in Sources */ = {isa = PBXBuildFile; fileRef = 67BFD5D92A2A36F600F591D7 /* MovieDetailsResponse.swift */; };
		67BFD5E02A2A4DC100F591D7 /* ApiResponse.swift in Sources */ = {isa = PBXBuildFile; fileRef = 67BFD5DF2A2A4DC100F591D7 /* ApiResponse.swift */; };
		67BFD5E22A2AC54000F591D7 /* MovieDetailsView.swift in Sources */ = {isa = PBXBuildFile; fileRef = 67BFD5E12A2AC54000F591D7 /* MovieDetailsView.swift */; };
		67BFD5E42A2AC87900F591D7 /* MovieDetailsViewModel.swift in Sources */ = {isa = PBXBuildFile; fileRef = 67BFD5E32A2AC87900F591D7 /* MovieDetailsViewModel.swift */; };
		67BFD5E62A2B0A3700F591D7 /* FiveStarReview.swift in Sources */ = {isa = PBXBuildFile; fileRef = 67BFD5E52A2B0A3700F591D7 /* FiveStarReview.swift */; };
/* End PBXBuildFile section */

/* Begin PBXFileReference section */
		67005B312A2BB1FB00188616 /* NetworkManager.swift */ = {isa = PBXFileReference; lastKnownFileType = sourcecode.swift; path = NetworkManager.swift; sourceTree = "<group>"; };
		674BFADF2A26F79C00A24621 /* MovieApp.app */ = {isa = PBXFileReference; explicitFileType = wrapper.application; includeInIndex = 0; path = MovieApp.app; sourceTree = BUILT_PRODUCTS_DIR; };
		674BFAE22A26F79C00A24621 /* MovieApp.swift */ = {isa = PBXFileReference; lastKnownFileType = sourcecode.swift; path = MovieApp.swift; sourceTree = "<group>"; };
		674BFAE42A26F79C00A24621 /* ContentView.swift */ = {isa = PBXFileReference; lastKnownFileType = sourcecode.swift; path = ContentView.swift; sourceTree = "<group>"; };
		674BFAE62A26F79E00A24621 /* Assets.xcassets */ = {isa = PBXFileReference; lastKnownFileType = folder.assetcatalog; path = Assets.xcassets; sourceTree = "<group>"; };
		674BFAE82A26F79E00A24621 /* MovieApp.entitlements */ = {isa = PBXFileReference; lastKnownFileType = text.plist.entitlements; path = MovieApp.entitlements; sourceTree = "<group>"; };
		674BFAEA2A26F79E00A24621 /* Preview Assets.xcassets */ = {isa = PBXFileReference; lastKnownFileType = folder.assetcatalog; path = "Preview Assets.xcassets"; sourceTree = "<group>"; };
		674BFAFC2A273EB800A24621 /* ImageLoader.swift */ = {isa = PBXFileReference; lastKnownFileType = sourcecode.swift; path = ImageLoader.swift; sourceTree = "<group>"; };
		674BFAFE2A273EDF00A24621 /* MovieCard.swift */ = {isa = PBXFileReference; lastKnownFileType = sourcecode.swift; path = MovieCard.swift; sourceTree = "<group>"; };
		674BFB002A274FCC00A24621 /* MovieListView.swift */ = {isa = PBXFileReference; lastKnownFileType = sourcecode.swift; path = MovieListView.swift; sourceTree = "<group>"; };
		674BFB022A2753A600A24621 /* SearchBar.swift */ = {isa = PBXFileReference; lastKnownFileType = sourcecode.swift; path = SearchBar.swift; sourceTree = "<group>"; };
		674BFB082A28ABC800A24621 /* MovieListViewModel.swift */ = {isa = PBXFileReference; lastKnownFileType = sourcecode.swift; path = MovieListViewModel.swift; sourceTree = "<group>"; };
		674BFB0A2A28C10800A24621 /* Info.plist */ = {isa = PBXFileReference; lastKnownFileType = text.plist; path = Info.plist; sourceTree = "<group>"; };
		674F90932A2B2BC40057864E /* RatingCard.swift */ = {isa = PBXFileReference; lastKnownFileType = sourcecode.swift; path = RatingCard.swift; sourceTree = "<group>"; };
		674F90952A2B35B50057864E /* LandingView.swift */ = {isa = PBXFileReference; lastKnownFileType = sourcecode.swift; path = LandingView.swift; sourceTree = "<group>"; };
		674F90972A2B35BE0057864E /* SignInView.swift */ = {isa = PBXFileReference; lastKnownFileType = sourcecode.swift; path = SignInView.swift; sourceTree = "<group>"; };
		674F909A2A2B36300057864E /* CustomButton.swift */ = {isa = PBXFileReference; lastKnownFileType = sourcecode.swift; path = CustomButton.swift; sourceTree = "<group>"; };
		674F909C2A2B3ED70057864E /* AuthModel.swift */ = {isa = PBXFileReference; lastKnownFileType = sourcecode.swift; path = AuthModel.swift; sourceTree = "<group>"; };
		674F90A12A2B506A0057864E /* Movie.xcdatamodel */ = {isa = PBXFileReference; lastKnownFileType = wrapper.xcdatamodel; path = Movie.xcdatamodel; sourceTree = "<group>"; };
		674F90A42A2B508C0057864E /* CoreDataManager.swift */ = {isa = PBXFileReference; lastKnownFileType = sourcecode.swift; path = CoreDataManager.swift; sourceTree = "<group>"; };
		67BFD5D32A2A36A300F591D7 /* MovieServiceProtocol.swift */ = {isa = PBXFileReference; lastKnownFileType = sourcecode.swift; path = MovieServiceProtocol.swift; sourceTree = "<group>"; };
		67BFD5D52A2A36BA00F591D7 /* MovieService.swift */ = {isa = PBXFileReference; lastKnownFileType = sourcecode.swift; path = MovieService.swift; sourceTree = "<group>"; };
		67BFD5D72A2A36E000F591D7 /* MovieResponse.swift */ = {isa = PBXFileReference; lastKnownFileType = sourcecode.swift; path = MovieResponse.swift; sourceTree = "<group>"; };
		67BFD5D92A2A36F600F591D7 /* MovieDetailsResponse.swift */ = {isa = PBXFileReference; lastKnownFileType = sourcecode.swift; path = MovieDetailsResponse.swift; sourceTree = "<group>"; };
		67BFD5DF2A2A4DC100F591D7 /* ApiResponse.swift */ = {isa = PBXFileReference; lastKnownFileType = sourcecode.swift; path = ApiResponse.swift; sourceTree = "<group>"; };
		67BFD5E12A2AC54000F591D7 /* MovieDetailsView.swift */ = {isa = PBXFileReference; lastKnownFileType = sourcecode.swift; path = MovieDetailsView.swift; sourceTree = "<group>"; };
		67BFD5E32A2AC87900F591D7 /* MovieDetailsViewModel.swift */ = {isa = PBXFileReference; lastKnownFileType = sourcecode.swift; path = MovieDetailsViewModel.swift; sourceTree = "<group>"; };
		67BFD5E52A2B0A3700F591D7 /* FiveStarReview.swift */ = {isa = PBXFileReference; lastKnownFileType = sourcecode.swift; path = FiveStarReview.swift; sourceTree = "<group>"; };
/* End PBXFileReference section */

/* Begin PBXFrameworksBuildPhase section */
		674BFADC2A26F79C00A24621 /* Frameworks */ = {
			isa = PBXFrameworksBuildPhase;
			buildActionMask = 2147483647;
			files = (
			);
			runOnlyForDeploymentPostprocessing = 0;
		};
/* End PBXFrameworksBuildPhase section */

/* Begin PBXGroup section */
		674BFAD62A26F79C00A24621 = {
			isa = PBXGroup;
			children = (
				674BFAE12A26F79C00A24621 /* MovieApp */,
				674BFAE02A26F79C00A24621 /* Products */,
			);
			sourceTree = "<group>";
		};
		674BFAE02A26F79C00A24621 /* Products */ = {
			isa = PBXGroup;
			children = (
				674BFADF2A26F79C00A24621 /* MovieApp.app */,
			);
			name = Products;
			sourceTree = "<group>";
		};
		674BFAE12A26F79C00A24621 /* MovieApp */ = {
			isa = PBXGroup;
			children = (
				674F90A32A2B507F0057864E /* CoreData */,
				674BFB0A2A28C10800A24621 /* Info.plist */,
				674BFB072A28ABBA00A24621 /* ViewModel */,
				674BFB062A28AB4F00A24621 /* Util */,
				674BFAFB2A273EAF00A24621 /* View */,
				674BFAF42A272D3B00A24621 /* Service */,
				674BFAF12A272BE300A24621 /* Models */,
				674BFAE42A26F79C00A24621 /* ContentView.swift */,
				674BFAE22A26F79C00A24621 /* MovieApp.swift */,
				674BFAE62A26F79E00A24621 /* Assets.xcassets */,
				674BFAE82A26F79E00A24621 /* MovieApp.entitlements */,
				674BFAE92A26F79E00A24621 /* Preview Content */,
			);
			path = MovieApp;
			sourceTree = "<group>";
		};
		674BFAE92A26F79E00A24621 /* Preview Content */ = {
			isa = PBXGroup;
			children = (
				674BFAEA2A26F79E00A24621 /* Preview Assets.xcassets */,
			);
			path = "Preview Content";
			sourceTree = "<group>";
		};
		674BFAF12A272BE300A24621 /* Models */ = {
			isa = PBXGroup;
			children = (
				67BFD5D72A2A36E000F591D7 /* MovieResponse.swift */,
				67BFD5D92A2A36F600F591D7 /* MovieDetailsResponse.swift */,
				67BFD5DF2A2A4DC100F591D7 /* ApiResponse.swift */,
			);
			path = Models;
			sourceTree = "<group>";
		};
		674BFAF42A272D3B00A24621 /* Service */ = {
			isa = PBXGroup;
			children = (
				67BFD5D32A2A36A300F591D7 /* MovieServiceProtocol.swift */,
				67BFD5D52A2A36BA00F591D7 /* MovieService.swift */,
			);
			path = Service;
			sourceTree = "<group>";
		};
		674BFAFB2A273EAF00A24621 /* View */ = {
			isa = PBXGroup;
			children = (
				674F90992A2B35D50057864E /* Component */,
				674BFB002A274FCC00A24621 /* MovieListView.swift */,
				67BFD5E12A2AC54000F591D7 /* MovieDetailsView.swift */,
				674F90952A2B35B50057864E /* LandingView.swift */,
				674F90972A2B35BE0057864E /* SignInView.swift */,
			);
			path = View;
			sourceTree = "<group>";
		};
		674BFB062A28AB4F00A24621 /* Util */ = {
			isa = PBXGroup;
			children = (
				674BFAFC2A273EB800A24621 /* ImageLoader.swift */,
			);
			path = Util;
			sourceTree = "<group>";
		};
		674BFB072A28ABBA00A24621 /* ViewModel */ = {
			isa = PBXGroup;
			children = (
				674BFB082A28ABC800A24621 /* MovieListViewModel.swift */,
				67BFD5E32A2AC87900F591D7 /* MovieDetailsViewModel.swift */,
				674F909C2A2B3ED70057864E /* AuthModel.swift */,
				67005B312A2BB1FB00188616 /* NetworkManager.swift */,
			);
			path = ViewModel;
			sourceTree = "<group>";
		};
		674F90992A2B35D50057864E /* Component */ = {
			isa = PBXGroup;
			children = (
				674BFB022A2753A600A24621 /* SearchBar.swift */,
				67BFD5E52A2B0A3700F591D7 /* FiveStarReview.swift */,
				674F90932A2B2BC40057864E /* RatingCard.swift */,
				674BFAFE2A273EDF00A24621 /* MovieCard.swift */,
				674F909A2A2B36300057864E /* CustomButton.swift */,
			);
			path = Component;
			sourceTree = "<group>";
		};
		674F90A32A2B507F0057864E /* CoreData */ = {
			isa = PBXGroup;
			children = (
				674F90A02A2B506A0057864E /* Movie.xcdatamodeld */,
				674F90A42A2B508C0057864E /* CoreDataManager.swift */,
			);
			path = CoreData;
			sourceTree = "<group>";
		};
/* End PBXGroup section */

/* Begin PBXNativeTarget section */
		674BFADE2A26F79C00A24621 /* MovieApp */ = {
			isa = PBXNativeTarget;
			buildConfigurationList = 674BFAEE2A26F79E00A24621 /* Build configuration list for PBXNativeTarget "MovieApp" */;
			buildPhases = (
				674BFADB2A26F79C00A24621 /* Sources */,
				674BFADC2A26F79C00A24621 /* Frameworks */,
				674BFADD2A26F79C00A24621 /* Resources */,
			);
			buildRules = (
			);
			dependencies = (
			);
			name = MovieApp;
			productName = MovieApp;
			productReference = 674BFADF2A26F79C00A24621 /* MovieApp.app */;
			productType = "com.apple.product-type.application";
		};
/* End PBXNativeTarget section */

/* Begin PBXProject section */
		674BFAD72A26F79C00A24621 /* Project object */ = {
			isa = PBXProject;
			attributes = {
				BuildIndependentTargetsInParallel = 1;
				LastSwiftUpdateCheck = 1420;
				LastUpgradeCheck = 1420;
				TargetAttributes = {
					674BFADE2A26F79C00A24621 = {
						CreatedOnToolsVersion = 14.2;
					};
				};
			};
			buildConfigurationList = 674BFADA2A26F79C00A24621 /* Build configuration list for PBXProject "MovieApp" */;
			compatibilityVersion = "Xcode 14.0";
			developmentRegion = en;
			hasScannedForEncodings = 0;
			knownRegions = (
				en,
				Base,
			);
			mainGroup = 674BFAD62A26F79C00A24621;
			productRefGroup = 674BFAE02A26F79C00A24621 /* Products */;
			projectDirPath = "";
			projectRoot = "";
			targets = (
				674BFADE2A26F79C00A24621 /* MovieApp */,
			);
		};
/* End PBXProject section */

/* Begin PBXResourcesBuildPhase section */
		674BFADD2A26F79C00A24621 /* Resources */ = {
			isa = PBXResourcesBuildPhase;
			buildActionMask = 2147483647;
			files = (
				674BFAEB2A26F79E00A24621 /* Preview Assets.xcassets in Resources */,
				674BFAE72A26F79E00A24621 /* Assets.xcassets in Resources */,
			);
			runOnlyForDeploymentPostprocessing = 0;
		};
/* End PBXResourcesBuildPhase section */

/* Begin PBXSourcesBuildPhase section */
		674BFADB2A26F79C00A24621 /* Sources */ = {
			isa = PBXSourcesBuildPhase;
			buildActionMask = 2147483647;
			files = (
				67005B322A2BB1FB00188616 /* NetworkManager.swift in Sources */,
				674F90A52A2B508C0057864E /* CoreDataManager.swift in Sources */,
				674F90982A2B35BE0057864E /* SignInView.swift in Sources */,
				674F90A22A2B506A0057864E /* Movie.xcdatamodeld in Sources */,
				674BFAFD2A273EB800A24621 /* ImageLoader.swift in Sources */,
				674BFAE52A26F79C00A24621 /* ContentView.swift in Sources */,
				67BFD5D82A2A36E000F591D7 /* MovieResponse.swift in Sources */,
				674BFB012A274FCC00A24621 /* MovieListView.swift in Sources */,
				674F909B2A2B36300057864E /* CustomButton.swift in Sources */,
				674BFAE32A26F79C00A24621 /* MovieApp.swift in Sources */,
				67BFD5E22A2AC54000F591D7 /* MovieDetailsView.swift in Sources */,
				674F90962A2B35B50057864E /* LandingView.swift in Sources */,
				674F909D2A2B3ED70057864E /* AuthModel.swift in Sources */,
				67BFD5D62A2A36BA00F591D7 /* MovieService.swift in Sources */,
				67BFD5E62A2B0A3700F591D7 /* FiveStarReview.swift in Sources */,
				674BFB032A2753A600A24621 /* SearchBar.swift in Sources */,
				67BFD5E02A2A4DC100F591D7 /* ApiResponse.swift in Sources */,
				674F90942A2B2BC40057864E /* RatingCard.swift in Sources */,
				67BFD5E42A2AC87900F591D7 /* MovieDetailsViewModel.swift in Sources */,
				67BFD5D42A2A36A300F591D7 /* MovieServiceProtocol.swift in Sources */,
				674BFAFF2A273EDF00A24621 /* MovieCard.swift in Sources */,
				674BFB092A28ABC800A24621 /* MovieListViewModel.swift in Sources */,
				67BFD5DA2A2A36F600F591D7 /* MovieDetailsResponse.swift in Sources */,
			);
			runOnlyForDeploymentPostprocessing = 0;
		};
/* End PBXSourcesBuildPhase section */

/* Begin XCBuildConfiguration section */
		674BFAEC2A26F79E00A24621 /* Debug */ = {
			isa = XCBuildConfiguration;
			buildSettings = {
				ALWAYS_SEARCH_USER_PATHS = NO;
				CLANG_ANALYZER_NONNULL = YES;
				CLANG_ANALYZER_NUMBER_OBJECT_CONVERSION = YES_AGGRESSIVE;
				CLANG_CXX_LANGUAGE_STANDARD = "gnu++20";
				CLANG_ENABLE_MODULES = YES;
				CLANG_ENABLE_OBJC_ARC = YES;
				CLANG_ENABLE_OBJC_WEAK = YES;
				CLANG_WARN_BLOCK_CAPTURE_AUTORELEASING = YES;
				CLANG_WARN_BOOL_CONVERSION = YES;
				CLANG_WARN_COMMA = YES;
				CLANG_WARN_CONSTANT_CONVERSION = YES;
				CLANG_WARN_DEPRECATED_OBJC_IMPLEMENTATIONS = YES;
				CLANG_WARN_DIRECT_OBJC_ISA_USAGE = YES_ERROR;
				CLANG_WARN_DOCUMENTATION_COMMENTS = YES;
				CLANG_WARN_EMPTY_BODY = YES;
				CLANG_WARN_ENUM_CONVERSION = YES;
				CLANG_WARN_INFINITE_RECURSION = YES;
				CLANG_WARN_INT_CONVERSION = YES;
				CLANG_WARN_NON_LITERAL_NULL_CONVERSION = YES;
				CLANG_WARN_OBJC_IMPLICIT_RETAIN_SELF = YES;
				CLANG_WARN_OBJC_LITERAL_CONVERSION = YES;
				CLANG_WARN_OBJC_ROOT_CLASS = YES_ERROR;
				CLANG_WARN_QUOTED_INCLUDE_IN_FRAMEWORK_HEADER = YES;
				CLANG_WARN_RANGE_LOOP_ANALYSIS = YES;
				CLANG_WARN_STRICT_PROTOTYPES = YES;
				CLANG_WARN_SUSPICIOUS_MOVE = YES;
				CLANG_WARN_UNGUARDED_AVAILABILITY = YES_AGGRESSIVE;
				CLANG_WARN_UNREACHABLE_CODE = YES;
				CLANG_WARN__DUPLICATE_METHOD_MATCH = YES;
				COPY_PHASE_STRIP = NO;
				DEBUG_INFORMATION_FORMAT = dwarf;
				ENABLE_STRICT_OBJC_MSGSEND = YES;
				ENABLE_TESTABILITY = YES;
				GCC_C_LANGUAGE_STANDARD = gnu11;
				GCC_DYNAMIC_NO_PIC = NO;
				GCC_NO_COMMON_BLOCKS = YES;
				GCC_OPTIMIZATION_LEVEL = 0;
				GCC_PREPROCESSOR_DEFINITIONS = (
					"DEBUG=1",
					"$(inherited)",
				);
				GCC_WARN_64_TO_32_BIT_CONVERSION = YES;
				GCC_WARN_ABOUT_RETURN_TYPE = YES_ERROR;
				GCC_WARN_UNDECLARED_SELECTOR = YES;
				GCC_WARN_UNINITIALIZED_AUTOS = YES_AGGRESSIVE;
				GCC_WARN_UNUSED_FUNCTION = YES;
				GCC_WARN_UNUSED_VARIABLE = YES;
				MTL_ENABLE_DEBUG_INFO = INCLUDE_SOURCE;
				MTL_FAST_MATH = YES;
				ONLY_ACTIVE_ARCH = YES;
				SWIFT_ACTIVE_COMPILATION_CONDITIONS = DEBUG;
				SWIFT_OPTIMIZATION_LEVEL = "-Onone";
			};
			name = Debug;
		};
		674BFAED2A26F79E00A24621 /* Release */ = {
			isa = XCBuildConfiguration;
			buildSettings = {
				ALWAYS_SEARCH_USER_PATHS = NO;
				CLANG_ANALYZER_NONNULL = YES;
				CLANG_ANALYZER_NUMBER_OBJECT_CONVERSION = YES_AGGRESSIVE;
				CLANG_CXX_LANGUAGE_STANDARD = "gnu++20";
				CLANG_ENABLE_MODULES = YES;
				CLANG_ENABLE_OBJC_ARC = YES;
				CLANG_ENABLE_OBJC_WEAK = YES;
				CLANG_WARN_BLOCK_CAPTURE_AUTORELEASING = YES;
				CLANG_WARN_BOOL_CONVERSION = YES;
				CLANG_WARN_COMMA = YES;
				CLANG_WARN_CONSTANT_CONVERSION = YES;
				CLANG_WARN_DEPRECATED_OBJC_IMPLEMENTATIONS = YES;
				CLANG_WARN_DIRECT_OBJC_ISA_USAGE = YES_ERROR;
				CLANG_WARN_DOCUMENTATION_COMMENTS = YES;
				CLANG_WARN_EMPTY_BODY = YES;
				CLANG_WARN_ENUM_CONVERSION = YES;
				CLANG_WARN_INFINITE_RECURSION = YES;
				CLANG_WARN_INT_CONVERSION = YES;
				CLANG_WARN_NON_LITERAL_NULL_CONVERSION = YES;
				CLANG_WARN_OBJC_IMPLICIT_RETAIN_SELF = YES;
				CLANG_WARN_OBJC_LITERAL_CONVERSION = YES;
				CLANG_WARN_OBJC_ROOT_CLASS = YES_ERROR;
				CLANG_WARN_QUOTED_INCLUDE_IN_FRAMEWORK_HEADER = YES;
				CLANG_WARN_RANGE_LOOP_ANALYSIS = YES;
				CLANG_WARN_STRICT_PROTOTYPES = YES;
				CLANG_WARN_SUSPICIOUS_MOVE = YES;
				CLANG_WARN_UNGUARDED_AVAILABILITY = YES_AGGRESSIVE;
				CLANG_WARN_UNREACHABLE_CODE = YES;
				CLANG_WARN__DUPLICATE_METHOD_MATCH = YES;
				COPY_PHASE_STRIP = NO;
				DEBUG_INFORMATION_FORMAT = "dwarf-with-dsym";
				ENABLE_NS_ASSERTIONS = NO;
				ENABLE_STRICT_OBJC_MSGSEND = YES;
				GCC_C_LANGUAGE_STANDARD = gnu11;
				GCC_NO_COMMON_BLOCKS = YES;
				GCC_WARN_64_TO_32_BIT_CONVERSION = YES;
				GCC_WARN_ABOUT_RETURN_TYPE = YES_ERROR;
				GCC_WARN_UNDECLARED_SELECTOR = YES;
				GCC_WARN_UNINITIALIZED_AUTOS = YES_AGGRESSIVE;
				GCC_WARN_UNUSED_FUNCTION = YES;
				GCC_WARN_UNUSED_VARIABLE = YES;
				MTL_ENABLE_DEBUG_INFO = NO;
				MTL_FAST_MATH = YES;
				SWIFT_COMPILATION_MODE = wholemodule;
				SWIFT_OPTIMIZATION_LEVEL = "-O";
			};
			name = Release;
		};
		674BFAEF2A26F79E00A24621 /* Debug */ = {
			isa = XCBuildConfiguration;
			buildSettings = {
				ASSETCATALOG_COMPILER_APPICON_NAME = AppIcon;
				ASSETCATALOG_COMPILER_GLOBAL_ACCENT_COLOR_NAME = AccentColor;
				CODE_SIGN_ENTITLEMENTS = MovieApp/MovieApp.entitlements;
				CODE_SIGN_STYLE = Automatic;
				CURRENT_PROJECT_VERSION = 1;
				DEVELOPMENT_ASSET_PATHS = "\"MovieApp/Preview Content\"";
				DEVELOPMENT_TEAM = 9QDVCU4S9X;
				ENABLE_HARDENED_RUNTIME = YES;
				ENABLE_PREVIEWS = YES;
				GENERATE_INFOPLIST_FILE = YES;
				INFOPLIST_FILE = MovieApp/Info.plist;
				"INFOPLIST_KEY_UIApplicationSceneManifest_Generation[sdk=iphoneos*]" = YES;
				"INFOPLIST_KEY_UIApplicationSceneManifest_Generation[sdk=iphonesimulator*]" = YES;
				"INFOPLIST_KEY_UIApplicationSupportsIndirectInputEvents[sdk=iphoneos*]" = YES;
				"INFOPLIST_KEY_UIApplicationSupportsIndirectInputEvents[sdk=iphonesimulator*]" = YES;
				"INFOPLIST_KEY_UILaunchScreen_Generation[sdk=iphoneos*]" = YES;
				"INFOPLIST_KEY_UILaunchScreen_Generation[sdk=iphonesimulator*]" = YES;
				"INFOPLIST_KEY_UIStatusBarStyle[sdk=iphoneos*]" = UIStatusBarStyleDefault;
				"INFOPLIST_KEY_UIStatusBarStyle[sdk=iphonesimulator*]" = UIStatusBarStyleDefault;
				INFOPLIST_KEY_UISupportedInterfaceOrientations_iPad = "UIInterfaceOrientationPortrait UIInterfaceOrientationPortraitUpsideDown UIInterfaceOrientationLandscapeLeft UIInterfaceOrientationLandscapeRight";
				INFOPLIST_KEY_UISupportedInterfaceOrientations_iPhone = "UIInterfaceOrientationPortrait UIInterfaceOrientationLandscapeLeft UIInterfaceOrientationLandscapeRight";
				IPHONEOS_DEPLOYMENT_TARGET = 16.2;
				LD_RUNPATH_SEARCH_PATHS = "@executable_path/Frameworks";
				"LD_RUNPATH_SEARCH_PATHS[sdk=macosx*]" = "@executable_path/../Frameworks";
				MACOSX_DEPLOYMENT_TARGET = 13.0;
				MARKETING_VERSION = 1.0;
				PRODUCT_BUNDLE_IDENTIFIER = com.example.MovieApp;
				PRODUCT_NAME = "$(TARGET_NAME)";
				SDKROOT = auto;
				SUPPORTED_PLATFORMS = "iphoneos iphonesimulator";
				SUPPORTS_MACCATALYST = NO;
				SUPPORTS_MAC_DESIGNED_FOR_IPHONE_IPAD = NO;
				SWIFT_EMIT_LOC_STRINGS = YES;
				SWIFT_VERSION = 5.0;
				TARGETED_DEVICE_FAMILY = 1;
			};
			name = Debug;
		};
		674BFAF02A26F79E00A24621 /* Release */ = {
			isa = XCBuildConfiguration;
			buildSettings = {
				ASSETCATALOG_COMPILER_APPICON_NAME = AppIcon;
				ASSETCATALOG_COMPILER_GLOBAL_ACCENT_COLOR_NAME = AccentColor;
				CODE_SIGN_ENTITLEMENTS = MovieApp/MovieApp.entitlements;
				CODE_SIGN_STYLE = Automatic;
				CURRENT_PROJECT_VERSION = 1;
				DEVELOPMENT_ASSET_PATHS = "\"MovieApp/Preview Content\"";
				DEVELOPMENT_TEAM = 9QDVCU4S9X;
				ENABLE_HARDENED_RUNTIME = YES;
				ENABLE_PREVIEWS = YES;
				GENERATE_INFOPLIST_FILE = YES;
				INFOPLIST_FILE = MovieApp/Info.plist;
				"INFOPLIST_KEY_UIApplicationSceneManifest_Generation[sdk=iphoneos*]" = YES;
				"INFOPLIST_KEY_UIApplicationSceneManifest_Generation[sdk=iphonesimulator*]" = YES;
				"INFOPLIST_KEY_UIApplicationSupportsIndirectInputEvents[sdk=iphoneos*]" = YES;
				"INFOPLIST_KEY_UIApplicationSupportsIndirectInputEvents[sdk=iphonesimulator*]" = YES;
				"INFOPLIST_KEY_UILaunchScreen_Generation[sdk=iphoneos*]" = YES;
				"INFOPLIST_KEY_UILaunchScreen_Generation[sdk=iphonesimulator*]" = YES;
				"INFOPLIST_KEY_UIStatusBarStyle[sdk=iphoneos*]" = UIStatusBarStyleDefault;
				"INFOPLIST_KEY_UIStatusBarStyle[sdk=iphonesimulator*]" = UIStatusBarStyleDefault;
				INFOPLIST_KEY_UISupportedInterfaceOrientations_iPad = "UIInterfaceOrientationPortrait UIInterfaceOrientationPortraitUpsideDown UIInterfaceOrientationLandscapeLeft UIInterfaceOrientationLandscapeRight";
				INFOPLIST_KEY_UISupportedInterfaceOrientations_iPhone = "UIInterfaceOrientationPortrait UIInterfaceOrientationLandscapeLeft UIInterfaceOrientationLandscapeRight";
				IPHONEOS_DEPLOYMENT_TARGET = 16.2;
				LD_RUNPATH_SEARCH_PATHS = "@executable_path/Frameworks";
				"LD_RUNPATH_SEARCH_PATHS[sdk=macosx*]" = "@executable_path/../Frameworks";
				MACOSX_DEPLOYMENT_TARGET = 13.0;
				MARKETING_VERSION = 1.0;
				PRODUCT_BUNDLE_IDENTIFIER = com.example.MovieApp;
				PRODUCT_NAME = "$(TARGET_NAME)";
				SDKROOT = auto;
				SUPPORTED_PLATFORMS = "iphoneos iphonesimulator";
				SUPPORTS_MACCATALYST = NO;
				SUPPORTS_MAC_DESIGNED_FOR_IPHONE_IPAD = NO;
				SWIFT_EMIT_LOC_STRINGS = YES;
				SWIFT_VERSION = 5.0;
				TARGETED_DEVICE_FAMILY = 1;
			};
			name = Release;
		};
/* End XCBuildConfiguration section */

/* Begin XCConfigurationList section */
		674BFADA2A26F79C00A24621 /* Build configuration list for PBXProject "MovieApp" */ = {
			isa = XCConfigurationList;
			buildConfigurations = (
				674BFAEC2A26F79E00A24621 /* Debug */,
				674BFAED2A26F79E00A24621 /* Release */,
			);
			defaultConfigurationIsVisible = 0;
			defaultConfigurationName = Release;
		};
		674BFAEE2A26F79E00A24621 /* Build configuration list for PBXNativeTarget "MovieApp" */ = {
			isa = XCConfigurationList;
			buildConfigurations = (
				674BFAEF2A26F79E00A24621 /* Debug */,
				674BFAF02A26F79E00A24621 /* Release */,
			);
			defaultConfigurationIsVisible = 0;
			defaultConfigurationName = Release;
		};
/* End XCConfigurationList section */

/* Begin XCVersionGroup section */
		674F90A02A2B506A0057864E /* Movie.xcdatamodeld */ = {
			isa = XCVersionGroup;
			children = (
				674F90A12A2B506A0057864E /* Movie.xcdatamodel */,
			);
			currentVersion = 674F90A12A2B506A0057864E /* Movie.xcdatamodel */;
			path = Movie.xcdatamodeld;
			sourceTree = "<group>";
			versionGroupType = wrapper.xcdatamodel;
		};
/* End XCVersionGroup section */
	};
	rootObject = 674BFAD72A26F79C00A24621 /* Project object */;
}
